
Microsoft Visual Studio Solution File, Format Version 12.00
# Visual Studio 14
VisualStudioVersion = 14.0.25123.0
MinimumVisualStudioVersion = 10.0.40219.1
Project("{FAE04EC0-301F-11D3-BF4B-00C04F79EFBC}") = "GithubViewerXamarin.Droid", "GithubViewerXamarin\GithubViewerXamarin.Droid\GithubViewerXamarin.Droid.csproj", "{2C685D71-6618-4ED1-B5C3-E4A1B40B321A}"
EndProject
Project("{FAE04EC0-301F-11D3-BF4B-00C04F79EFBC}") = "GithubViewerXamarin.iOS", "GithubViewerXamarin\GithubViewerXamarin.iOS\GithubViewerXamarin.iOS.csproj", "{1BCA21F2-7232-494B-8CA8-C8116C01CA55}"
EndProject
Project("{FAE04EC0-301F-11D3-BF4B-00C04F79EFBC}") = "GithubViewerXamarin.UWP", "GithubViewerXamarin\GithubViewerXamarin.UWP\GithubViewerXamarin.UWP.csproj", "{54F8C91B-4430-456D-AC7B-ADBAF7E4EB43}"
EndProject
Project("{FAE04EC0-301F-11D3-BF4B-00C04F79EFBC}") = "GithubViewerXamarin", "GithubViewerXamarin\GithubViewerXamarin\GithubViewerXamarin.csproj", "{F6CBCE21-D06F-46DD-9382-5FB844BEC134}"
EndProject
Project("{FAE04EC0-301F-11D3-BF4B-00C04F79EFBC}") = "Github", "Github\Github.csproj", "{9F4F20F5-319A-448C-A310-CD40EE9F6757}"
EndProject
Global
	GlobalSection(SolutionConfigurationPlatforms) = preSolution
		Ad-Hoc|Any CPU = Ad-Hoc|Any CPU
		Ad-Hoc|ARM = Ad-Hoc|ARM
		Ad-Hoc|iPhone = Ad-Hoc|iPhone
		Ad-Hoc|iPhoneSimulator = Ad-Hoc|iPhoneSimulator
		Ad-Hoc|x64 = Ad-Hoc|x64
		Ad-Hoc|x86 = Ad-Hoc|x86
		AppStore|Any CPU = AppStore|Any CPU
		AppStore|ARM = AppStore|ARM
		AppStore|iPhone = AppStore|iPhone
		AppStore|iPhoneSimulator = AppStore|iPhoneSimulator
		AppStore|x64 = AppStore|x64
		AppStore|x86 = AppStore|x86
		Debug|Any CPU = Debug|Any CPU
		Debug|ARM = Debug|ARM
		Debug|iPhone = Debug|iPhone
		Debug|iPhoneSimulator = Debug|iPhoneSimulator
		Debug|x64 = Debug|x64
		Debug|x86 = Debug|x86
		Release|Any CPU = Release|Any CPU
		Release|ARM = Release|ARM
		Release|iPhone = Release|iPhone
		Release|iPhoneSimulator = Release|iPhoneSimulator
		Release|x64 = Release|x64
		Release|x86 = Release|x86
	EndGlobalSection
	GlobalSection(ProjectConfigurationPlatforms) = postSolution
		{2C685D71-6618-4ED1-B5C3-E4A1B40B321A}.Ad-Hoc|Any CPU.ActiveCfg = Release|Any CPU
		{2C685D71-6618-4ED1-B5C3-E4A1B40B321A}.Ad-Hoc|Any CPU.Build.0 = Release|Any CPU
		{2C685D71-6618-4ED1-B5C3-E4A1B40B321A}.Ad-Hoc|Any CPU.Deploy.0 = Release|Any CPU
		{2C685D71-6618-4ED1-B5C3-E4A1B40B321A}.Ad-Hoc|ARM.ActiveCfg = Release|Any CPU
		{2C685D71-6618-4ED1-B5C3-E4A1B40B321A}.Ad-Hoc|ARM.Build.0 = Release|Any CPU
		{2C685D71-6618-4ED1-B5C3-E4A1B40B321A}.Ad-Hoc|ARM.Deploy.0 = Release|Any CPU
		{2C685D71-6618-4ED1-B5C3-E4A1B40B321A}.Ad-Hoc|iPhone.ActiveCfg = Release|Any CPU
		{2C685D71-6618-4ED1-B5C3-E4A1B40B321A}.Ad-Hoc|iPhone.Build.0 = Release|Any CPU
		{2C685D71-6618-4ED1-B5C3-E4A1B40B321A}.Ad-Hoc|iPhone.Deploy.0 = Release|Any CPU
		{2C685D71-6618-4ED1-B5C3-E4A1B40B321A}.Ad-Hoc|iPhoneSimulator.ActiveCfg = Release|Any CPU
		{2C685D71-6618-4ED1-B5C3-E4A1B40B321A}.Ad-Hoc|iPhoneSimulator.Build.0 = Release|Any CPU
		{2C685D71-6618-4ED1-B5C3-E4A1B40B321A}.Ad-Hoc|iPhoneSimulator.Deploy.0 = Release|Any CPU
		{2C685D71-6618-4ED1-B5C3-E4A1B40B321A}.Ad-Hoc|x64.ActiveCfg = Release|Any CPU
		{2C685D71-6618-4ED1-B5C3-E4A1B40B321A}.Ad-Hoc|x64.Build.0 = Release|Any CPU
		{2C685D71-6618-4ED1-B5C3-E4A1B40B321A}.Ad-Hoc|x64.Deploy.0 = Release|Any CPU
		{2C685D71-6618-4ED1-B5C3-E4A1B40B321A}.Ad-Hoc|x86.ActiveCfg = Release|Any CPU
		{2C685D71-6618-4ED1-B5C3-E4A1B40B321A}.Ad-Hoc|x86.Build.0 = Release|Any CPU
		{2C685D71-6618-4ED1-B5C3-E4A1B40B321A}.Ad-Hoc|x86.Deploy.0 = Release|Any CPU
		{2C685D71-6618-4ED1-B5C3-E4A1B40B321A}.AppStore|Any CPU.ActiveCfg = Release|Any CPU
		{2C685D71-6618-4ED1-B5C3-E4A1B40B321A}.AppStore|Any CPU.Build.0 = Release|Any CPU
		{2C685D71-6618-4ED1-B5C3-E4A1B40B321A}.AppStore|Any CPU.Deploy.0 = Release|Any CPU
		{2C685D71-6618-4ED1-B5C3-E4A1B40B321A}.AppStore|ARM.ActiveCfg = Release|Any CPU
		{2C685D71-6618-4ED1-B5C3-E4A1B40B321A}.AppStore|ARM.Build.0 = Release|Any CPU
		{2C685D71-6618-4ED1-B5C3-E4A1B40B321A}.AppStore|ARM.Deploy.0 = Release|Any CPU
		{2C685D71-6618-4ED1-B5C3-E4A1B40B321A}.AppStore|iPhone.ActiveCfg = Release|Any CPU
		{2C685D71-6618-4ED1-B5C3-E4A1B40B321A}.AppStore|iPhone.Build.0 = Release|Any CPU
		{2C685D71-6618-4ED1-B5C3-E4A1B40B321A}.AppStore|iPhone.Deploy.0 = Release|Any CPU
		{2C685D71-6618-4ED1-B5C3-E4A1B40B321A}.AppStore|iPhoneSimulator.ActiveCfg = Release|Any CPU
		{2C685D71-6618-4ED1-B5C3-E4A1B40B321A}.AppStore|iPhoneSimulator.Build.0 = Release|Any CPU
		{2C685D71-6618-4ED1-B5C3-E4A1B40B321A}.AppStore|iPhoneSimulator.Deploy.0 = Release|Any CPU
		{2C685D71-6618-4ED1-B5C3-E4A1B40B321A}.AppStore|x64.ActiveCfg = Release|Any CPU
		{2C685D71-6618-4ED1-B5C3-E4A1B40B321A}.AppStore|x64.Build.0 = Release|Any CPU
		{2C685D71-6618-4ED1-B5C3-E4A1B40B321A}.AppStore|x64.Deploy.0 = Release|Any CPU
		{2C685D71-6618-4ED1-B5C3-E4A1B40B321A}.AppStore|x86.ActiveCfg = Release|Any CPU
		{2C685D71-6618-4ED1-B5C3-E4A1B40B321A}.AppStore|x86.Build.0 = Release|Any CPU
		{2C685D71-6618-4ED1-B5C3-E4A1B40B321A}.AppStore|x86.Deploy.0 = Release|Any CPU
		{2C685D71-6618-4ED1-B5C3-E4A1B40B321A}.Debug|Any CPU.ActiveCfg = Debug|Any CPU
		{2C685D71-6618-4ED1-B5C3-E4A1B40B321A}.Debug|Any CPU.Build.0 = Debug|Any CPU
		{2C685D71-6618-4ED1-B5C3-E4A1B40B321A}.Debug|Any CPU.Deploy.0 = Debug|Any CPU
		{2C685D71-6618-4ED1-B5C3-E4A1B40B321A}.Debug|ARM.ActiveCfg = Debug|Any CPU
		{2C685D71-6618-4ED1-B5C3-E4A1B40B321A}.Debug|ARM.Build.0 = Debug|Any CPU
		{2C685D71-6618-4ED1-B5C3-E4A1B40B321A}.Debug|ARM.Deploy.0 = Debug|Any CPU
		{2C685D71-6618-4ED1-B5C3-E4A1B40B321A}.Debug|iPhone.ActiveCfg = Debug|Any CPU
		{2C685D71-6618-4ED1-B5C3-E4A1B40B321A}.Debug|iPhone.Build.0 = Debug|Any CPU
		{2C685D71-6618-4ED1-B5C3-E4A1B40B321A}.Debug|iPhone.Deploy.0 = Debug|Any CPU
		{2C685D71-6618-4ED1-B5C3-E4A1B40B321A}.Debug|iPhoneSimulator.ActiveCfg = Debug|Any CPU
		{2C685D71-6618-4ED1-B5C3-E4A1B40B321A}.Debug|iPhoneSimulator.Build.0 = Debug|Any CPU
		{2C685D71-6618-4ED1-B5C3-E4A1B40B321A}.Debug|iPhoneSimulator.Deploy.0 = Debug|Any CPU
		{2C685D71-6618-4ED1-B5C3-E4A1B40B321A}.Debug|x64.ActiveCfg = Debug|Any CPU
		{2C685D71-6618-4ED1-B5C3-E4A1B40B321A}.Debug|x64.Build.0 = Debug|Any CPU
		{2C685D71-6618-4ED1-B5C3-E4A1B40B321A}.Debug|x64.Deploy.0 = Debug|Any CPU
		{2C685D71-6618-4ED1-B5C3-E4A1B40B321A}.Debug|x86.ActiveCfg = Debug|Any CPU
		{2C685D71-6618-4ED1-B5C3-E4A1B40B321A}.Debug|x86.Build.0 = Debug|Any CPU
		{2C685D71-6618-4ED1-B5C3-E4A1B40B321A}.Debug|x86.Deploy.0 = Debug|Any CPU
		{2C685D71-6618-4ED1-B5C3-E4A1B40B321A}.Release|Any CPU.ActiveCfg = Release|Any CPU
		{2C685D71-6618-4ED1-B5C3-E4A1B40B321A}.Release|Any CPU.Build.0 = Release|Any CPU
		{2C685D71-6618-4ED1-B5C3-E4A1B40B321A}.Release|Any CPU.Deploy.0 = Release|Any CPU
		{2C685D71-6618-4ED1-B5C3-E4A1B40B321A}.Release|ARM.ActiveCfg = Release|Any CPU
		{2C685D71-6618-4ED1-B5C3-E4A1B40B321A}.Release|ARM.Build.0 = Release|Any CPU
		{2C685D71-6618-4ED1-B5C3-E4A1B40B321A}.Release|ARM.Deploy.0 = Release|Any CPU
		{2C685D71-6618-4ED1-B5C3-E4A1B40B321A}.Release|iPhone.ActiveCfg = Release|Any CPU
		{2C685D71-6618-4ED1-B5C3-E4A1B40B321A}.Release|iPhone.Build.0 = Release|Any CPU
		{2C685D71-6618-4ED1-B5C3-E4A1B40B321A}.Release|iPhone.Deploy.0 = Release|Any CPU
		{2C685D71-6618-4ED1-B5C3-E4A1B40B321A}.Release|iPhoneSimulator.ActiveCfg = Release|Any CPU
		{2C685D71-6618-4ED1-B5C3-E4A1B40B321A}.Release|iPhoneSimulator.Build.0 = Release|Any CPU
		{2C685D71-6618-4ED1-B5C3-E4A1B40B321A}.Release|iPhoneSimulator.Deploy.0 = Release|Any CPU
		{2C685D71-6618-4ED1-B5C3-E4A1B40B321A}.Release|x64.ActiveCfg = Release|Any CPU
		{2C685D71-6618-4ED1-B5C3-E4A1B40B321A}.Release|x64.Build.0 = Release|Any CPU
		{2C685D71-6618-4ED1-B5C3-E4A1B40B321A}.Release|x64.Deploy.0 = Release|Any CPU
		{2C685D71-6618-4ED1-B5C3-E4A1B40B321A}.Release|x86.ActiveCfg = Release|Any CPU
		{2C685D71-6618-4ED1-B5C3-E4A1B40B321A}.Release|x86.Build.0 = Release|Any CPU
		{2C685D71-6618-4ED1-B5C3-E4A1B40B321A}.Release|x86.Deploy.0 = Release|Any CPU
		{1BCA21F2-7232-494B-8CA8-C8116C01CA55}.Ad-Hoc|Any CPU.ActiveCfg = Ad-Hoc|iPhone
		{1BCA21F2-7232-494B-8CA8-C8116C01CA55}.Ad-Hoc|ARM.ActiveCfg = Ad-Hoc|iPhone
		{1BCA21F2-7232-494B-8CA8-C8116C01CA55}.Ad-Hoc|iPhone.ActiveCfg = Ad-Hoc|iPhone
		{1BCA21F2-7232-494B-8CA8-C8116C01CA55}.Ad-Hoc|iPhone.Build.0 = Ad-Hoc|iPhone
		{1BCA21F2-7232-494B-8CA8-C8116C01CA55}.Ad-Hoc|iPhoneSimulator.ActiveCfg = Ad-Hoc|iPhoneSimulator
		{1BCA21F2-7232-494B-8CA8-C8116C01CA55}.Ad-Hoc|iPhoneSimulator.Build.0 = Ad-Hoc|iPhoneSimulator
		{1BCA21F2-7232-494B-8CA8-C8116C01CA55}.Ad-Hoc|x64.ActiveCfg = Ad-Hoc|iPhone
		{1BCA21F2-7232-494B-8CA8-C8116C01CA55}.Ad-Hoc|x86.ActiveCfg = Ad-Hoc|iPhone
		{1BCA21F2-7232-494B-8CA8-C8116C01CA55}.AppStore|Any CPU.ActiveCfg = AppStore|iPhone
		{1BCA21F2-7232-494B-8CA8-C8116C01CA55}.AppStore|ARM.ActiveCfg = AppStore|iPhone
		{1BCA21F2-7232-494B-8CA8-C8116C01CA55}.AppStore|iPhone.ActiveCfg = AppStore|iPhone
		{1BCA21F2-7232-494B-8CA8-C8116C01CA55}.AppStore|iPhone.Build.0 = AppStore|iPhone
		{1BCA21F2-7232-494B-8CA8-C8116C01CA55}.AppStore|iPhoneSimulator.ActiveCfg = AppStore|iPhoneSimulator
		{1BCA21F2-7232-494B-8CA8-C8116C01CA55}.AppStore|iPhoneSimulator.Build.0 = AppStore|iPhoneSimulator
		{1BCA21F2-7232-494B-8CA8-C8116C01CA55}.AppStore|x64.ActiveCfg = AppStore|iPhone
		{1BCA21F2-7232-494B-8CA8-C8116C01CA55}.AppStore|x86.ActiveCfg = AppStore|iPhone
		{1BCA21F2-7232-494B-8CA8-C8116C01CA55}.Debug|Any CPU.ActiveCfg = Debug|iPhone
		{1BCA21F2-7232-494B-8CA8-C8116C01CA55}.Debug|ARM.ActiveCfg = Debug|iPhone
		{1BCA21F2-7232-494B-8CA8-C8116C01CA55}.Debug|iPhone.ActiveCfg = Debug|iPhone
		{1BCA21F2-7232-494B-8CA8-C8116C01CA55}.Debug|iPhone.Build.0 = Debug|iPhone
		{1BCA21F2-7232-494B-8CA8-C8116C01CA55}.Debug|iPhoneSimulator.ActiveCfg = Debug|iPhoneSimulator
		{1BCA21F2-7232-494B-8CA8-C8116C01CA55}.Debug|iPhoneSimulator.Build.0 = Debug|iPhoneSimulator
		{1BCA21F2-7232-494B-8CA8-C8116C01CA55}.Debug|x64.ActiveCfg = Debug|iPhone
		{1BCA21F2-7232-494B-8CA8-C8116C01CA55}.Debug|x86.ActiveCfg = Debug|iPhone
		{1BCA21F2-7232-494B-8CA8-C8116C01CA55}.Release|Any CPU.ActiveCfg = Release|iPhone
		{1BCA21F2-7232-494B-8CA8-C8116C01CA55}.Release|ARM.ActiveCfg = Release|iPhone
		{1BCA21F2-7232-494B-8CA8-C8116C01CA55}.Release|iPhone.ActiveCfg = Release|iPhone
		{1BCA21F2-7232-494B-8CA8-C8116C01CA55}.Release|iPhone.Build.0 = Release|iPhone
		{1BCA21F2-7232-494B-8CA8-C8116C01CA55}.Release|iPhoneSimulator.ActiveCfg = Release|iPhoneSimulator
		{1BCA21F2-7232-494B-8CA8-C8116C01CA55}.Release|iPhoneSimulator.Build.0 = Release|iPhoneSimulator
		{1BCA21F2-7232-494B-8CA8-C8116C01CA55}.Release|x64.ActiveCfg = Release|iPhone
		{1BCA21F2-7232-494B-8CA8-C8116C01CA55}.Release|x86.ActiveCfg = Release|iPhone
		{54F8C91B-4430-456D-AC7B-ADBAF7E4EB43}.Ad-Hoc|Any CPU.ActiveCfg = Release|x86
		{54F8C91B-4430-456D-AC7B-ADBAF7E4EB43}.Ad-Hoc|Any CPU.Build.0 = Release|x86
		{54F8C91B-4430-456D-AC7B-ADBAF7E4EB43}.Ad-Hoc|Any CPU.Deploy.0 = Release|x86
		{54F8C91B-4430-456D-AC7B-ADBAF7E4EB43}.Ad-Hoc|ARM.ActiveCfg = Release|ARM
		{54F8C91B-4430-456D-AC7B-ADBAF7E4EB43}.Ad-Hoc|ARM.Build.0 = Release|ARM
		{54F8C91B-4430-456D-AC7B-ADBAF7E4EB43}.Ad-Hoc|ARM.Deploy.0 = Release|ARM
		{54F8C91B-4430-456D-AC7B-ADBAF7E4EB43}.Ad-Hoc|iPhone.ActiveCfg = Release|x86
		{54F8C91B-4430-456D-AC7B-ADBAF7E4EB43}.Ad-Hoc|iPhone.Build.0 = Release|x86
		{54F8C91B-4430-456D-AC7B-ADBAF7E4EB43}.Ad-Hoc|iPhone.Deploy.0 = Release|x86
		{54F8C91B-4430-456D-AC7B-ADBAF7E4EB43}.Ad-Hoc|iPhoneSimulator.ActiveCfg = Release|x86
		{54F8C91B-4430-456D-AC7B-ADBAF7E4EB43}.Ad-Hoc|iPhoneSimulator.Build.0 = Release|x86
		{54F8C91B-4430-456D-AC7B-ADBAF7E4EB43}.Ad-Hoc|iPhoneSimulator.Deploy.0 = Release|x86
		{54F8C91B-4430-456D-AC7B-ADBAF7E4EB43}.Ad-Hoc|x64.ActiveCfg = Release|x64
		{54F8C91B-4430-456D-AC7B-ADBAF7E4EB43}.Ad-Hoc|x64.Build.0 = Release|x64
		{54F8C91B-4430-456D-AC7B-ADBAF7E4EB43}.Ad-Hoc|x64.Deploy.0 = Release|x64
		{54F8C91B-4430-456D-AC7B-ADBAF7E4EB43}.Ad-Hoc|x86.ActiveCfg = Release|x86
		{54F8C91B-4430-456D-AC7B-ADBAF7E4EB43}.Ad-Hoc|x86.Build.0 = Release|x86
		{54F8C91B-4430-456D-AC7B-ADBAF7E4EB43}.Ad-Hoc|x86.Deploy.0 = Release|x86
		{54F8C91B-4430-456D-AC7B-ADBAF7E4EB43}.AppStore|Any CPU.ActiveCfg = Release|x86
		{54F8C91B-4430-456D-AC7B-ADBAF7E4EB43}.AppStore|Any CPU.Build.0 = Release|x86
		{54F8C91B-4430-456D-AC7B-ADBAF7E4EB43}.AppStore|Any CPU.Deploy.0 = Release|x86
		{54F8C91B-4430-456D-AC7B-ADBAF7E4EB43}.AppStore|ARM.ActiveCfg = Release|ARM
		{54F8C91B-4430-456D-AC7B-ADBAF7E4EB43}.AppStore|ARM.Build.0 = Release|ARM
		{54F8C91B-4430-456D-AC7B-ADBAF7E4EB43}.AppStore|ARM.Deploy.0 = Release|ARM
		{54F8C91B-4430-456D-AC7B-ADBAF7E4EB43}.AppStore|iPhone.ActiveCfg = Release|x86
		{54F8C91B-4430-456D-AC7B-ADBAF7E4EB43}.AppStore|iPhone.Build.0 = Release|x86
		{54F8C91B-4430-456D-AC7B-ADBAF7E4EB43}.AppStore|iPhone.Deploy.0 = Release|x86
		{54F8C91B-4430-456D-AC7B-ADBAF7E4EB43}.AppStore|iPhoneSimulator.ActiveCfg = Release|x86
		{54F8C91B-4430-456D-AC7B-ADBAF7E4EB43}.AppStore|iPhoneSimulator.Build.0 = Release|x86
		{54F8C91B-4430-456D-AC7B-ADBAF7E4EB43}.AppStore|iPhoneSimulator.Deploy.0 = Release|x86
		{54F8C91B-4430-456D-AC7B-ADBAF7E4EB43}.AppStore|x64.ActiveCfg = Release|x64
		{54F8C91B-4430-456D-AC7B-ADBAF7E4EB43}.AppStore|x64.Build.0 = Release|x64
		{54F8C91B-4430-456D-AC7B-ADBAF7E4EB43}.AppStore|x64.Deploy.0 = Release|x64
		{54F8C91B-4430-456D-AC7B-ADBAF7E4EB43}.AppStore|x86.ActiveCfg = Release|x86
		{54F8C91B-4430-456D-AC7B-ADBAF7E4EB43}.AppStore|x86.Build.0 = Release|x86
		{54F8C91B-4430-456D-AC7B-ADBAF7E4EB43}.AppStore|x86.Deploy.0 = Release|x86
		{54F8C91B-4430-456D-AC7B-ADBAF7E4EB43}.Debug|Any CPU.ActiveCfg = Debug|x86
		{54F8C91B-4430-456D-AC7B-ADBAF7E4EB43}.Debug|Any CPU.Build.0 = Debug|x86
		{54F8C91B-4430-456D-AC7B-ADBAF7E4EB43}.Debug|Any CPU.Deploy.0 = Debug|x86
		{54F8C91B-4430-456D-AC7B-ADBAF7E4EB43}.Debug|ARM.ActiveCfg = Debug|ARM
		{54F8C91B-4430-456D-AC7B-ADBAF7E4EB43}.Debug|ARM.Build.0 = Debug|ARM
		{54F8C91B-4430-456D-AC7B-ADBAF7E4EB43}.Debug|ARM.Deploy.0 = Debug|ARM
		{54F8C91B-4430-456D-AC7B-ADBAF7E4EB43}.Debug|iPhone.ActiveCfg = Debug|x86
		{54F8C91B-4430-456D-AC7B-ADBAF7E4EB43}.Debug|iPhoneSimulator.ActiveCfg = Debug|x86
		{54F8C91B-4430-456D-AC7B-ADBAF7E4EB43}.Debug|x64.ActiveCfg = Debug|x64
		{54F8C91B-4430-456D-AC7B-ADBAF7E4EB43}.Debug|x64.Build.0 = Debug|x64
		{54F8C91B-4430-456D-AC7B-ADBAF7E4EB43}.Debug|x64.Deploy.0 = Debug|x64
		{54F8C91B-4430-456D-AC7B-ADBAF7E4EB43}.Debug|x86.ActiveCfg = Debug|x86
		{54F8C91B-4430-456D-AC7B-ADBAF7E4EB43}.Debug|x86.Build.0 = Debug|x86
		{54F8C91B-4430-456D-AC7B-ADBAF7E4EB43}.Debug|x86.Deploy.0 = Debug|x86
		{54F8C91B-4430-456D-AC7B-ADBAF7E4EB43}.Release|Any CPU.ActiveCfg = Release|x86
		{54F8C91B-4430-456D-AC7B-ADBAF7E4EB43}.Release|ARM.ActiveCfg = Release|ARM
		{54F8C91B-4430-456D-AC7B-ADBAF7E4EB43}.Release|ARM.Build.0 = Release|ARM
		{54F8C91B-4430-456D-AC7B-ADBAF7E4EB43}.Release|ARM.Deploy.0 = Release|ARM
		{54F8C91B-4430-456D-AC7B-ADBAF7E4EB43}.Release|iPhone.ActiveCfg = Release|x86
		{54F8C91B-4430-456D-AC7B-ADBAF7E4EB43}.Release|iPhoneSimulator.ActiveCfg = Release|x86
		{54F8C91B-4430-456D-AC7B-ADBAF7E4EB43}.Release|x64.ActiveCfg = Release|x64
		{54F8C91B-4430-456D-AC7B-ADBAF7E4EB43}.Release|x64.Build.0 = Release|x64
		{54F8C91B-4430-456D-AC7B-ADBAF7E4EB43}.Release|x64.Deploy.0 = Release|x64
		{54F8C91B-4430-456D-AC7B-ADBAF7E4EB43}.Release|x86.ActiveCfg = Release|x86
		{54F8C91B-4430-456D-AC7B-ADBAF7E4EB43}.Release|x86.Build.0 = Release|x86
		{54F8C91B-4430-456D-AC7B-ADBAF7E4EB43}.Release|x86.Deploy.0 = Release|x86
		{F6CBCE21-D06F-46DD-9382-5FB844BEC134}.Ad-Hoc|Any CPU.ActiveCfg = Release|Any CPU
		{F6CBCE21-D06F-46DD-9382-5FB844BEC134}.Ad-Hoc|Any CPU.Build.0 = Release|Any CPU
		{F6CBCE21-D06F-46DD-9382-5FB844BEC134}.Ad-Hoc|ARM.ActiveCfg = Release|Any CPU
		{F6CBCE21-D06F-46DD-9382-5FB844BEC134}.Ad-Hoc|ARM.Build.0 = Release|Any CPU
		{F6CBCE21-D06F-46DD-9382-5FB844BEC134}.Ad-Hoc|iPhone.ActiveCfg = Release|Any CPU
		{F6CBCE21-D06F-46DD-9382-5FB844BEC134}.Ad-Hoc|iPhone.Build.0 = Release|Any CPU
		{F6CBCE21-D06F-46DD-9382-5FB844BEC134}.Ad-Hoc|iPhoneSimulator.ActiveCfg = Release|Any CPU
		{F6CBCE21-D06F-46DD-9382-5FB844BEC134}.Ad-Hoc|iPhoneSimulator.Build.0 = Release|Any CPU
		{F6CBCE21-D06F-46DD-9382-5FB844BEC134}.Ad-Hoc|x64.ActiveCfg = Release|Any CPU
		{F6CBCE21-D06F-46DD-9382-5FB844BEC134}.Ad-Hoc|x64.Build.0 = Release|Any CPU
		{F6CBCE21-D06F-46DD-9382-5FB844BEC134}.Ad-Hoc|x86.ActiveCfg = Release|Any CPU
		{F6CBCE21-D06F-46DD-9382-5FB844BEC134}.Ad-Hoc|x86.Build.0 = Release|Any CPU
		{F6CBCE21-D06F-46DD-9382-5FB844BEC134}.AppStore|Any CPU.ActiveCfg = Release|Any CPU
		{F6CBCE21-D06F-46DD-9382-5FB844BEC134}.AppStore|Any CPU.Build.0 = Release|Any CPU
		{F6CBCE21-D06F-46DD-9382-5FB844BEC134}.AppStore|ARM.ActiveCfg = Release|Any CPU
		{F6CBCE21-D06F-46DD-9382-5FB844BEC134}.AppStore|ARM.Build.0 = Release|Any CPU
		{F6CBCE21-D06F-46DD-9382-5FB844BEC134}.AppStore|iPhone.ActiveCfg = Release|Any CPU
		{F6CBCE21-D06F-46DD-9382-5FB844BEC134}.AppStore|iPhone.Build.0 = Release|Any CPU
		{F6CBCE21-D06F-46DD-9382-5FB844BEC134}.AppStore|iPhoneSimulator.ActiveCfg = Release|Any CPU
		{F6CBCE21-D06F-46DD-9382-5FB844BEC134}.AppStore|iPhoneSimulator.Build.0 = Release|Any CPU
		{F6CBCE21-D06F-46DD-9382-5FB844BEC134}.AppStore|x64.ActiveCfg = Release|Any CPU
		{F6CBCE21-D06F-46DD-9382-5FB844BEC134}.AppStore|x64.Build.0 = Release|Any CPU
		{F6CBCE21-D06F-46DD-9382-5FB844BEC134}.AppStore|x86.ActiveCfg = Release|Any CPU
		{F6CBCE21-D06F-46DD-9382-5FB844BEC134}.AppStore|x86.Build.0 = Release|Any CPU
		{F6CBCE21-D06F-46DD-9382-5FB844BEC134}.Debug|Any CPU.ActiveCfg = Debug|Any CPU
		{F6CBCE21-D06F-46DD-9382-5FB844BEC134}.Debug|Any CPU.Build.0 = Debug|Any CPU
		{F6CBCE21-D06F-46DD-9382-5FB844BEC134}.Debug|ARM.ActiveCfg = Debug|Any CPU
		{F6CBCE21-D06F-46DD-9382-5FB844BEC134}.Debug|ARM.Build.0 = Debug|Any CPU
		{F6CBCE21-D06F-46DD-9382-5FB844BEC134}.Debug|iPhone.ActiveCfg = Debug|Any CPU
		{F6CBCE21-D06F-46DD-9382-5FB844BEC134}.Debug|iPhone.Build.0 = Debug|Any CPU
		{F6CBCE21-D06F-46DD-9382-5FB844BEC134}.Debug|iPhoneSimulator.ActiveCfg = Debug|Any CPU
		{F6CBCE21-D06F-46DD-9382-5FB844BEC134}.Debug|iPhoneSimulator.Build.0 = Debug|Any CPU
		{F6CBCE21-D06F-46DD-9382-5FB844BEC134}.Debug|x64.ActiveCfg = Debug|Any CPU
		{F6CBCE21-D06F-46DD-9382-5FB844BEC134}.Debug|x64.Build.0 = Debug|Any CPU
		{F6CBCE21-D06F-46DD-9382-5FB844BEC134}.Debug|x86.ActiveCfg = Debug|Any CPU
		{F6CBCE21-D06F-46DD-9382-5FB844BEC134}.Debug|x86.Build.0 = Debug|Any CPU
		{F6CBCE21-D06F-46DD-9382-5FB844BEC134}.Release|Any CPU.ActiveCfg = Release|Any CPU
		{F6CBCE21-D06F-46DD-9382-5FB844BEC134}.Release|Any CPU.Build.0 = Release|Any CPU
		{F6CBCE21-D06F-46DD-9382-5FB844BEC134}.Release|ARM.ActiveCfg = Release|Any CPU
		{F6CBCE21-D06F-46DD-9382-5FB844BEC134}.Release|ARM.Build.0 = Release|Any CPU
		{F6CBCE21-D06F-46DD-9382-5FB844BEC134}.Release|iPhone.ActiveCfg = Release|Any CPU
		{F6CBCE21-D06F-46DD-9382-5FB844BEC134}.Release|iPhone.Build.0 = Release|Any CPU
		{F6CBCE21-D06F-46DD-9382-5FB844BEC134}.Release|iPhoneSimulator.ActiveCfg = Release|Any CPU
		{F6CBCE21-D06F-46DD-9382-5FB844BEC134}.Release|iPhoneSimulator.Build.0 = Release|Any CPU
		{F6CBCE21-D06F-46DD-9382-5FB844BEC134}.Release|x64.ActiveCfg = Release|Any CPU
		{F6CBCE21-D06F-46DD-9382-5FB844BEC134}.Release|x64.Build.0 = Release|Any CPU
		{F6CBCE21-D06F-46DD-9382-5FB844BEC134}.Release|x86.ActiveCfg = Release|Any CPU
		{F6CBCE21-D06F-46DD-9382-5FB844BEC134}.Release|x86.Build.0 = Release|Any CPU
		{9F4F20F5-319A-448C-A310-CD40EE9F6757}.Ad-Hoc|Any CPU.ActiveCfg = Release|Any CPU
		{9F4F20F5-319A-448C-A310-CD40EE9F6757}.Ad-Hoc|Any CPU.Build.0 = Release|Any CPU
		{9F4F20F5-319A-448C-A310-CD40EE9F6757}.Ad-Hoc|ARM.ActiveCfg = Release|Any CPU
		{9F4F20F5-319A-448C-A310-CD40EE9F6757}.Ad-Hoc|ARM.Build.0 = Release|Any CPU
		{9F4F20F5-319A-448C-A310-CD40EE9F6757}.Ad-Hoc|iPhone.ActiveCfg = Release|Any CPU
		{9F4F20F5-319A-448C-A310-CD40EE9F6757}.Ad-Hoc|iPhone.Build.0 = Release|Any CPU
		{9F4F20F5-319A-448C-A310-CD40EE9F6757}.Ad-Hoc|iPhoneSimulator.ActiveCfg = Release|Any CPU
		{9F4F20F5-319A-448C-A310-CD40EE9F6757}.Ad-Hoc|iPhoneSimulator.Build.0 = Release|Any CPU
		{9F4F20F5-319A-448C-A310-CD40EE9F6757}.Ad-Hoc|x64.ActiveCfg = Release|Any CPU
		{9F4F20F5-319A-448C-A310-CD40EE9F6757}.Ad-Hoc|x64.Build.0 = Release|Any CPU
		{9F4F20F5-319A-448C-A310-CD40EE9F6757}.Ad-Hoc|x86.ActiveCfg = Release|Any CPU
		{9F4F20F5-319A-448C-A310-CD40EE9F6757}.Ad-Hoc|x86.Build.0 = Release|Any CPU
		{9F4F20F5-319A-448C-A310-CD40EE9F6757}.AppStore|Any CPU.ActiveCfg = Release|Any CPU
		{9F4F20F5-319A-448C-A310-CD40EE9F6757}.AppStore|Any CPU.Build.0 = Release|Any CPU
		{9F4F20F5-319A-448C-A310-CD40EE9F6757}.AppStore|ARM.ActiveCfg = Release|Any CPU
		{9F4F20F5-319A-448C-A310-CD40EE9F6757}.AppStore|ARM.Build.0 = Release|Any CPU
		{9F4F20F5-319A-448C-A310-CD40EE9F6757}.AppStore|iPhone.ActiveCfg = Release|Any CPU
		{9F4F20F5-319A-448C-A310-CD40EE9F6757}.AppStore|iPhone.Build.0 = Release|Any CPU
		{9F4F20F5-319A-448C-A310-CD40EE9F6757}.AppStore|iPhoneSimulator.ActiveCfg = Release|Any CPU
		{9F4F20F5-319A-448C-A310-CD40EE9F6757}.AppStore|iPhoneSimulator.Build.0 = Release|Any CPU
		{9F4F20F5-319A-448C-A310-CD40EE9F6757}.AppStore|x64.ActiveCfg = Release|Any CPU
		{9F4F20F5-319A-448C-A310-CD40EE9F6757}.AppStore|x64.Build.0 = Release|Any CPU
		{9F4F20F5-319A-448C-A310-CD40EE9F6757}.AppStore|x86.ActiveCfg = Release|Any CPU
		{9F4F20F5-319A-448C-A310-CD40EE9F6757}.AppStore|x86.Build.0 = Release|Any CPU
		{9F4F20F5-319A-448C-A310-CD40EE9F6757}.Debug|Any CPU.ActiveCfg = Debug|Any CPU
		{9F4F20F5-319A-448C-A310-CD40EE9F6757}.Debug|Any CPU.Build.0 = Debug|Any CPU
		{9F4F20F5-319A-448C-A310-CD40EE9F6757}.Debug|ARM.ActiveCfg = Debug|Any CPU
		{9F4F20F5-319A-448C-A310-CD40EE9F6757}.Debug|ARM.Build.0 = Debug|Any CPU
		{9F4F20F5-319A-448C-A310-CD40EE9F6757}.Debug|iPhone.ActiveCfg = Debug|Any CPU
		{9F4F20F5-319A-448C-A310-CD40EE9F6757}.Debug|iPhone.Build.0 = Debug|Any CPU
		{9F4F20F5-319A-448C-A310-CD40EE9F6757}.Debug|iPhoneSimulator.ActiveCfg = Debug|Any CPU
		{9F4F20F5-319A-448C-A310-CD40EE9F6757}.Debug|iPhoneSimulator.Build.0 = Debug|Any CPU
		{9F4F20F5-319A-448C-A310-CD40EE9F6757}.Debug|x64.ActiveCfg = Debug|Any CPU
		{9F4F20F5-319A-448C-A310-CD40EE9F6757}.Debug|x64.Build.0 = Debug|Any CPU
		{9F4F20F5-319A-448C-A310-CD40EE9F6757}.Debug|x86.ActiveCfg = Debug|Any CPU
		{9F4F20F5-319A-448C-A310-CD40EE9F6757}.Debug|x86.Build.0 = Debug|Any CPU
		{9F4F20F5-319A-448C-A310-CD40EE9F6757}.Release|Any CPU.ActiveCfg = Release|Any CPU
		{9F4F20F5-319A-448C-A310-CD40EE9F6757}.Release|Any CPU.Build.0 = Release|Any CPU
		{9F4F20F5-319A-448C-A310-CD40EE9F6757}.Release|ARM.ActiveCfg = Release|Any CPU
		{9F4F20F5-319A-448C-A310-CD40EE9F6757}.Release|ARM.Build.0 = Release|Any CPU
		{9F4F20F5-319A-448C-A310-CD40EE9F6757}.Release|iPhone.ActiveCfg = Release|Any CPU
		{9F4F20F5-319A-448C-A310-CD40EE9F6757}.Release|iPhone.Build.0 = Release|Any CPU
		{9F4F20F5-319A-448C-A310-CD40EE9F6757}.Release|iPhoneSimulator.ActiveCfg = Release|Any CPU
		{9F4F20F5-319A-448C-A310-CD40EE9F6757}.Release|iPhoneSimulator.Build.0 = Release|Any CPU
		{9F4F20F5-319A-448C-A310-CD40EE9F6757}.Release|x64.ActiveCfg = Release|Any CPU
		{9F4F20F5-319A-448C-A310-CD40EE9F6757}.Release|x64.Build.0 = Release|Any CPU
		{9F4F20F5-319A-448C-A310-CD40EE9F6757}.Release|x86.ActiveCfg = Release|Any CPU
		{9F4F20F5-319A-448C-A310-CD40EE9F6757}.Release|x86.Build.0 = Release|Any CPU
	EndGlobalSection
	GlobalSection(SolutionProperties) = preSolution
		HideSolutionNode = FALSE
	EndGlobalSection
EndGlobal
